// !$*UTF8*$!
{
	archiveVersion = 1;
	classes = {
	};
	objectVersion = 46;
	objects = {

/* Begin PBXBuildFile section */
		19B0AE4420579EE6005AF1BD /* main.m in Sources */ = {isa = PBXBuildFile; fileRef = 19B0AE4320579EE6005AF1BD /* main.m */; };
		19B0AE4720579EE6005AF1BD /* AppDelegate.m in Sources */ = {isa = PBXBuildFile; fileRef = 19B0AE4620579EE6005AF1BD /* AppDelegate.m */; };
		19B0AE4A20579EE6005AF1BD /* ViewController.m in Sources */ = {isa = PBXBuildFile; fileRef = 19B0AE4920579EE6005AF1BD /* ViewController.m */; };
		19B0AE4D20579EE6005AF1BD /* Main.storyboard in Resources */ = {isa = PBXBuildFile; fileRef = 19B0AE4B20579EE6005AF1BD /* Main.storyboard */; };
		19B0AE4F20579EE6005AF1BD /* Assets.xcassets in Resources */ = {isa = PBXBuildFile; fileRef = 19B0AE4E20579EE6005AF1BD /* Assets.xcassets */; };
		19B0AE5220579EE6005AF1BD /* LaunchScreen.storyboard in Resources */ = {isa = PBXBuildFile; fileRef = 19B0AE5020579EE6005AF1BD /* LaunchScreen.storyboard */; };
		19B0AE5D20579EE7005AF1BD /* SKAPickerViewExampleTests.m in Sources */ = {isa = PBXBuildFile; fileRef = 19B0AE5C20579EE7005AF1BD /* SKAPickerViewExampleTests.m */; };
		19B0AE6820579EE7005AF1BD /* SKAPickerViewExampleUITests.m in Sources */ = {isa = PBXBuildFile; fileRef = 19B0AE6720579EE7005AF1BD /* SKAPickerViewExampleUITests.m */; };
/* End PBXBuildFile section */

/* Begin PBXContainerItemProxy section */
		19B0AE5920579EE6005AF1BD /* PBXContainerItemProxy */ = {
			isa = PBXContainerItemProxy;
			containerPortal = 19B0AE3720579EE5005AF1BD /* Project object */;
			proxyType = 1;
			remoteGlobalIDString = 19B0AE3E20579EE6005AF1BD;
			remoteInfo = SKAPickerViewExample;
		};
		19B0AE6420579EE7005AF1BD /* PBXContainerItemProxy */ = {
			isa = PBXContainerItemProxy;
			containerPortal = 19B0AE3720579EE5005AF1BD /* Project object */;
			proxyType = 1;
			remoteGlobalIDString = 19B0AE3E20579EE6005AF1BD;
			remoteInfo = SKAPickerViewExample;
		};
/* End PBXContainerItemProxy section */

/* Begin PBXFileReference section */
		19B0AE3F20579EE6005AF1BD /* SKAPickerViewExample.app */ = {isa = PBXFileReference; explicitFileType = wrapper.application; includeInIndex = 0; path = SKAPickerViewExample.app; sourceTree = BUILT_PRODUCTS_DIR; };
		19B0AE4320579EE6005AF1BD /* main.m */ = {isa = PBXFileReference; lastKnownFileType = sourcecode.c.objc; path = main.m; sourceTree = "<group>"; };
		19B0AE4520579EE6005AF1BD /* AppDelegate.h */ = {isa = PBXFileReference; lastKnownFileType = sourcecode.c.h; path = AppDelegate.h; sourceTree = "<group>"; };
		19B0AE4620579EE6005AF1BD /* AppDelegate.m */ = {isa = PBXFileReference; lastKnownFileType = sourcecode.c.objc; path = AppDelegate.m; sourceTree = "<group>"; };
		19B0AE4820579EE6005AF1BD /* ViewController.h */ = {isa = PBXFileReference; lastKnownFileType = sourcecode.c.h; path = ViewController.h; sourceTree = "<group>"; };
		19B0AE4920579EE6005AF1BD /* ViewController.m */ = {isa = PBXFileReference; lastKnownFileType = sourcecode.c.objc; path = ViewController.m; sourceTree = "<group>"; };
		19B0AE4C20579EE6005AF1BD /* Base */ = {isa = PBXFileReference; lastKnownFileType = file.storyboard; name = Base; path = Base.lproj/Main.storyboard; sourceTree = "<group>"; };
		19B0AE4E20579EE6005AF1BD /* Assets.xcassets */ = {isa = PBXFileReference; lastKnownFileType = folder.assetcatalog; path = Assets.xcassets; sourceTree = "<group>"; };
		19B0AE5120579EE6005AF1BD /* Base */ = {isa = PBXFileReference; lastKnownFileType = file.storyboard; name = Base; path = Base.lproj/LaunchScreen.storyboard; sourceTree = "<group>"; };
		19B0AE5320579EE6005AF1BD /* Info.plist */ = {isa = PBXFileReference; lastKnownFileType = text.plist.xml; path = Info.plist; sourceTree = "<group>"; };
		19B0AE5820579EE6005AF1BD /* SKAPickerViewExampleTests.xctest */ = {isa = PBXFileReference; explicitFileType = wrapper.cfbundle; includeInIndex = 0; path = SKAPickerViewExampleTests.xctest; sourceTree = BUILT_PRODUCTS_DIR; };
		19B0AE5C20579EE7005AF1BD /* SKAPickerViewExampleTests.m */ = {isa = PBXFileReference; lastKnownFileType = sourcecode.c.objc; path = SKAPickerViewExampleTests.m; sourceTree = "<group>"; };
		19B0AE5E20579EE7005AF1BD /* Info.plist */ = {isa = PBXFileReference; lastKnownFileType = text.plist.xml; path = Info.plist; sourceTree = "<group>"; };
		19B0AE6320579EE7005AF1BD /* SKAPickerViewExampleUITests.xctest */ = {isa = PBXFileReference; explicitFileType = wrapper.cfbundle; includeInIndex = 0; path = SKAPickerViewExampleUITests.xctest; sourceTree = BUILT_PRODUCTS_DIR; };
		19B0AE6720579EE7005AF1BD /* SKAPickerViewExampleUITests.m */ = {isa = PBXFileReference; lastKnownFileType = sourcecode.c.objc; path = SKAPickerViewExampleUITests.m; sourceTree = "<group>"; };
		19B0AE6920579EE7005AF1BD /* Info.plist */ = {isa = PBXFileReference; lastKnownFileType = text.plist.xml; path = Info.plist; sourceTree = "<group>"; };
/* End PBXFileReference section */

/* Begin PBXFrameworksBuildPhase section */
		19B0AE3C20579EE6005AF1BD /* Frameworks */ = {
			isa = PBXFrameworksBuildPhase;
			buildActionMask = 2147483647;
			files = (
			);
			runOnlyForDeploymentPostprocessing = 0;
		};
		19B0AE5520579EE6005AF1BD /* Frameworks */ = {
			isa = PBXFrameworksBuildPhase;
			buildActionMask = 2147483647;
			files = (
			);
			runOnlyForDeploymentPostprocessing = 0;
		};
		19B0AE6020579EE7005AF1BD /* Frameworks */ = {
			isa = PBXFrameworksBuildPhase;
			buildActionMask = 2147483647;
			files = (
			);
			runOnlyForDeploymentPostprocessing = 0;
		};
/* End PBXFrameworksBuildPhase section */

/* Begin PBXGroup section */
		19B0AE3620579EE5005AF1BD = {
			isa = PBXGroup;
			children = (
				19B0AE4120579EE6005AF1BD /* SKAPickerViewExample */,
				19B0AE5B20579EE6005AF1BD /* SKAPickerViewExampleTests */,
				19B0AE6620579EE7005AF1BD /* SKAPickerViewExampleUITests */,
				19B0AE4020579EE6005AF1BD /* Products */,
			);
			sourceTree = "<group>";
		};
		19B0AE4020579EE6005AF1BD /* Products */ = {
			isa = PBXGroup;
			children = (
				19B0AE3F20579EE6005AF1BD /* SKAPickerViewExample.app */,
				19B0AE5820579EE6005AF1BD /* SKAPickerViewExampleTests.xctest */,
				19B0AE6320579EE7005AF1BD /* SKAPickerViewExampleUITests.xctest */,
			);
			name = Products;
			sourceTree = "<group>";
		};
		19B0AE4120579EE6005AF1BD /* SKAPickerViewExample */ = {
			isa = PBXGroup;
			children = (
				19B0AE4520579EE6005AF1BD /* AppDelegate.h */,
				19B0AE4620579EE6005AF1BD /* AppDelegate.m */,
				19B0AE4820579EE6005AF1BD /* ViewController.h */,
				19B0AE4920579EE6005AF1BD /* ViewController.m */,
				19B0AE4B20579EE6005AF1BD /* Main.storyboard */,
				19B0AE4E20579EE6005AF1BD /* Assets.xcassets */,
				19B0AE5020579EE6005AF1BD /* LaunchScreen.storyboard */,
				19B0AE5320579EE6005AF1BD /* Info.plist */,
				19B0AE4220579EE6005AF1BD /* Supporting Files */,
			);
			path = SKAPickerViewExample;
			sourceTree = "<group>";
		};
		19B0AE4220579EE6005AF1BD /* Supporting Files */ = {
			isa = PBXGroup;
			children = (
				19B0AE4320579EE6005AF1BD /* main.m */,
			);
			name = "Supporting Files";
			sourceTree = "<group>";
		};
		19B0AE5B20579EE6005AF1BD /* SKAPickerViewExampleTests */ = {
			isa = PBXGroup;
			children = (
				19B0AE5C20579EE7005AF1BD /* SKAPickerViewExampleTests.m */,
				19B0AE5E20579EE7005AF1BD /* Info.plist */,
			);
			path = SKAPickerViewExampleTests;
			sourceTree = "<group>";
		};
		19B0AE6620579EE7005AF1BD /* SKAPickerViewExampleUITests */ = {
			isa = PBXGroup;
			children = (
				19B0AE6720579EE7005AF1BD /* SKAPickerViewExampleUITests.m */,
				19B0AE6920579EE7005AF1BD /* Info.plist */,
			);
			path = SKAPickerViewExampleUITests;
			sourceTree = "<group>";
		};
/* End PBXGroup section */

/* Begin PBXNativeTarget section */
		19B0AE3E20579EE6005AF1BD /* SKAPickerViewExample */ = {
			isa = PBXNativeTarget;
			buildConfigurationList = 19B0AE6C20579EE7005AF1BD /* Build configuration list for PBXNativeTarget "SKAPickerViewExample" */;
			buildPhases = (
				19B0AE3B20579EE6005AF1BD /* Sources */,
				19B0AE3C20579EE6005AF1BD /* Frameworks */,
				19B0AE3D20579EE6005AF1BD /* Resources */,
			);
			buildRules = (
			);
			dependencies = (
			);
			name = SKAPickerViewExample;
			productName = SKAPickerViewExample;
			productReference = 19B0AE3F20579EE6005AF1BD /* SKAPickerViewExample.app */;
			productType = "com.apple.product-type.application";
		};
		19B0AE5720579EE6005AF1BD /* SKAPickerViewExampleTests */ = {
			isa = PBXNativeTarget;
			buildConfigurationList = 19B0AE6F20579EE7005AF1BD /* Build configuration list for PBXNativeTarget "SKAPickerViewExampleTests" */;
			buildPhases = (
				19B0AE5420579EE6005AF1BD /* Sources */,
				19B0AE5520579EE6005AF1BD /* Frameworks */,
				19B0AE5620579EE6005AF1BD /* Resources */,
			);
			buildRules = (
			);
			dependencies = (
				19B0AE5A20579EE6005AF1BD /* PBXTargetDependency */,
			);
			name = SKAPickerViewExampleTests;
			productName = SKAPickerViewExampleTests;
			productReference = 19B0AE5820579EE6005AF1BD /* SKAPickerViewExampleTests.xctest */;
			productType = "com.apple.product-type.bundle.unit-test";
		};
		19B0AE6220579EE7005AF1BD /* SKAPickerViewExampleUITests */ = {
			isa = PBXNativeTarget;
			buildConfigurationList = 19B0AE7220579EE7005AF1BD /* Build configuration list for PBXNativeTarget "SKAPickerViewExampleUITests" */;
			buildPhases = (
				19B0AE5F20579EE7005AF1BD /* Sources */,
				19B0AE6020579EE7005AF1BD /* Frameworks */,
				19B0AE6120579EE7005AF1BD /* Resources */,
			);
			buildRules = (
			);
			dependencies = (
				19B0AE6520579EE7005AF1BD /* PBXTargetDependency */,
			);
			name = SKAPickerViewExampleUITests;
			productName = SKAPickerViewExampleUITests;
			productReference = 19B0AE6320579EE7005AF1BD /* SKAPickerViewExampleUITests.xctest */;
			productType = "com.apple.product-type.bundle.ui-testing";
		};
/* End PBXNativeTarget section */

/* Begin PBXProject section */
		19B0AE3720579EE5005AF1BD /* Project object */ = {
			isa = PBXProject;
			attributes = {
				LastUpgradeCheck = 0820;
				ORGANIZATIONNAME = "Alok Singh";
				TargetAttributes = {
					19B0AE3E20579EE6005AF1BD = {
						CreatedOnToolsVersion = 8.2.1;
						ProvisioningStyle = Automatic;
					};
					19B0AE5720579EE6005AF1BD = {
						CreatedOnToolsVersion = 8.2.1;
						ProvisioningStyle = Automatic;
						TestTargetID = 19B0AE3E20579EE6005AF1BD;
					};
					19B0AE6220579EE7005AF1BD = {
						CreatedOnToolsVersion = 8.2.1;
						ProvisioningStyle = Automatic;
						TestTargetID = 19B0AE3E20579EE6005AF1BD;
					};
				};
			};
			buildConfigurationList = 19B0AE3A20579EE5005AF1BD /* Build configuration list for PBXProject "SKAPickerViewExample" */;
			compatibilityVersion = "Xcode 3.2";
			developmentRegion = English;
			hasScannedForEncodings = 0;
			knownRegions = (
				en,
				Base,
			);
			mainGroup = 19B0AE3620579EE5005AF1BD;
			productRefGroup = 19B0AE4020579EE6005AF1BD /* Products */;
			projectDirPath = "";
			projectRoot = "";
			targets = (
				19B0AE3E20579EE6005AF1BD /* SKAPickerViewExample */,
				19B0AE5720579EE6005AF1BD /* SKAPickerViewExampleTests */,
				19B0AE6220579EE7005AF1BD /* SKAPickerViewExampleUITests */,
			);
		};
/* End PBXProject section */

/* Begin PBXResourcesBuildPhase section */
		19B0AE3D20579EE6005AF1BD /* Resources */ = {
			isa = PBXResourcesBuildPhase;
			buildActionMask = 2147483647;
			files = (
				19B0AE5220579EE6005AF1BD /* LaunchScreen.storyboard in Resources */,
				19B0AE4F20579EE6005AF1BD /* Assets.xcassets in Resources */,
				19B0AE4D20579EE6005AF1BD /* Main.storyboard in Resources */,
			);
			runOnlyForDeploymentPostprocessing = 0;
		};
		19B0AE5620579EE6005AF1BD /* Resources */ = {
			isa = PBXResourcesBuildPhase;
			buildActionMask = 2147483647;
			files = (
			);
			runOnlyForDeploymentPostprocessing = 0;
		};
		19B0AE6120579EE7005AF1BD /* Resources */ = {
			isa = PBXResourcesBuildPhase;
			buildActionMask = 2147483647;
			files = (
			);
			runOnlyForDeploymentPostprocessing = 0;
		};
/* End PBXResourcesBuildPhase section */

/* Begin PBXSourcesBuildPhase section */
		19B0AE3B20579EE6005AF1BD /* Sources */ = {
			isa = PBXSourcesBuildPhase;
			buildActionMask = 2147483647;
			files = (
				19B0AE4A20579EE6005AF1BD /* ViewController.m in Sources */,
				19B0AE4720579EE6005AF1BD /* AppDelegate.m in Sources */,
				19B0AE4420579EE6005AF1BD /* main.m in Sources */,
			);
			runOnlyForDeploymentPostprocessing = 0;
		};
		19B0AE5420579EE6005AF1BD /* Sources */ = {
			isa = PBXSourcesBuildPhase;
			buildActionMask = 2147483647;
			files = (
				19B0AE5D20579EE7005AF1BD /* SKAPickerViewExampleTests.m in Sources */,
			);
			runOnlyForDeploymentPostprocessing = 0;
		};
		19B0AE5F20579EE7005AF1BD /* Sources */ = {
			isa = PBXSourcesBuildPhase;
			buildActionMask = 2147483647;
			files = (
				19B0AE6820579EE7005AF1BD /* SKAPickerViewExampleUITests.m in Sources */,
			);
			runOnlyForDeploymentPostprocessing = 0;
		};
/* End PBXSourcesBuildPhase section */

/* Begin PBXTargetDependency section */
		19B0AE5A20579EE6005AF1BD /* PBXTargetDependency */ = {
			isa = PBXTargetDependency;
			target = 19B0AE3E20579EE6005AF1BD /* SKAPickerViewExample */;
			targetProxy = 19B0AE5920579EE6005AF1BD /* PBXContainerItemProxy */;
		};
		19B0AE6520579EE7005AF1BD /* PBXTargetDependency */ = {
			isa = PBXTargetDependency;
			target = 19B0AE3E20579EE6005AF1BD /* SKAPickerViewExample */;
			targetProxy = 19B0AE6420579EE7005AF1BD /* PBXContainerItemProxy */;
		};
/* End PBXTargetDependency section */

/* Begin PBXVariantGroup section */
		19B0AE4B20579EE6005AF1BD /* Main.storyboard */ = {
			isa = PBXVariantGroup;
			children = (
				19B0AE4C20579EE6005AF1BD /* Base */,
			);
			name = Main.storyboard;
			sourceTree = "<group>";
		};
		19B0AE5020579EE6005AF1BD /* LaunchScreen.storyboard */ = {
			isa = PBXVariantGroup;
			children = (
				19B0AE5120579EE6005AF1BD /* Base */,
			);
			name = LaunchScreen.storyboard;
			sourceTree = "<group>";
		};
/* End PBXVariantGroup section */

/* Begin XCBuildConfiguration section */
		19B0AE6A20579EE7005AF1BD /* Debug */ = {
			isa = XCBuildConfiguration;
			buildSettings = {
				ALWAYS_SEARCH_USER_PATHS = NO;
				CLANG_ANALYZER_NONNULL = YES;
				CLANG_CXX_LANGUAGE_STANDARD = "gnu++0x";
				CLANG_CXX_LIBRARY = "libc++";
				CLANG_ENABLE_MODULES = YES;
				CLANG_ENABLE_OBJC_ARC = YES;
				CLANG_WARN_BOOL_CONVERSION = YES;
				CLANG_WARN_CONSTANT_CONVERSION = YES;
				CLANG_WARN_DIRECT_OBJC_ISA_USAGE = YES_ERROR;
				CLANG_WARN_DOCUMENTATION_COMMENTS = YES;
				CLANG_WARN_EMPTY_BODY = YES;
				CLANG_WARN_ENUM_CONVERSION = YES;
				CLANG_WARN_INFINITE_RECURSION = YES;
				CLANG_WARN_INT_CONVERSION = YES;
				CLANG_WARN_OBJC_ROOT_CLASS = YES_ERROR;
				CLANG_WARN_SUSPICIOUS_MOVE = YES;
				CLANG_WARN_UNREACHABLE_CODE = YES;
				CLANG_WARN__DUPLICATE_METHOD_MATCH = YES;
				"CODE_SIGN_IDENTITY[sdk=iphoneos*]" = "iPhone Developer";
				COPY_PHASE_STRIP = NO;
				DEBUG_INFORMATION_FORMAT = dwarf;
				ENABLE_STRICT_OBJC_MSGSEND = YES;
				ENABLE_TESTABILITY = YES;
				GCC_C_LANGUAGE_STANDARD = gnu99;
				GCC_DYNAMIC_NO_PIC = NO;
				GCC_NO_COMMON_BLOCKS = YES;
				GCC_OPTIMIZATION_LEVEL = 0;
				GCC_PREPROCESSOR_DEFINITIONS = (
					"DEBUG=1",
					"$(inherited)",
				);
				GCC_WARN_64_TO_32_BIT_CONVERSION = YES;
				GCC_WARN_ABOUT_RETURN_TYPE = YES_ERROR;
				GCC_WARN_UNDECLARED_SELECTOR = YES;
				GCC_WARN_UNINITIALIZED_AUTOS = YES_AGGRESSIVE;
				GCC_WARN_UNUSED_FUNCTION = YES;
				GCC_WARN_UNUSED_VARIABLE = YES;
				IPHONEOS_DEPLOYMENT_TARGET = 10.2;
				MTL_ENABLE_DEBUG_INFO = YES;
				ONLY_ACTIVE_ARCH = YES;
				SDKROOT = iphoneos;
				TARGETED_DEVICE_FAMILY = "1,2";
			};
			name = Debug;
		};
		19B0AE6B20579EE7005AF1BD /* Release */ = {
			isa = XCBuildConfiguration;
			buildSettings = {
				ALWAYS_SEARCH_USER_PATHS = NO;
				CLANG_ANALYZER_NONNULL = YES;
				CLANG_CXX_LANGUAGE_STANDARD = "gnu++0x";
				CLANG_CXX_LIBRARY = "libc++";
				CLANG_ENABLE_MODULES = YES;
				CLANG_ENABLE_OBJC_ARC = YES;
				CLANG_WARN_BOOL_CONVERSION = YES;
				CLANG_WARN_CONSTANT_CONVERSION = YES;
				CLANG_WARN_DIRECT_OBJC_ISA_USAGE = YES_ERROR;
				CLANG_WARN_DOCUMENTATION_COMMENTS = YES;
				CLANG_WARN_EMPTY_BODY = YES;
				CLANG_WARN_ENUM_CONVERSION = YES;
				CLANG_WARN_INFINITE_RECURSION = YES;
				CLANG_WARN_INT_CONVERSION = YES;
				CLANG_WARN_OBJC_ROOT_CLASS = YES_ERROR;
				CLANG_WARN_SUSPICIOUS_MOVE = YES;
				CLANG_WARN_UNREACHABLE_CODE = YES;
				CLANG_WARN__DUPLICATE_METHOD_MATCH = YES;
				"CODE_SIGN_IDENTITY[sdk=iphoneos*]" = "iPhone Developer";
				COPY_PHASE_STRIP = NO;
				DEBUG_INFORMATION_FORMAT = "dwarf-with-dsym";
				ENABLE_NS_ASSERTIONS = NO;
				ENABLE_STRICT_OBJC_MSGSEND = YES;
				GCC_C_LANGUAGE_STANDARD = gnu99;
				GCC_NO_COMMON_BLOCKS = YES;
				GCC_WARN_64_TO_32_BIT_CONVERSION = YES;
				GCC_WARN_ABOUT_RETURN_TYPE = YES_ERROR;
				GCC_WARN_UNDECLARED_SELECTOR = YES;
				GCC_WARN_UNINITIALIZED_AUTOS = YES_AGGRESSIVE;
				GCC_WARN_UNUSED_FUNCTION = YES;
				GCC_WARN_UNUSED_VARIABLE = YES;
				IPHONEOS_DEPLOYMENT_TARGET = 10.2;
				MTL_ENABLE_DEBUG_INFO = NO;
				SDKROOT = iphoneos;
				TARGETED_DEVICE_FAMILY = "1,2";
				VALIDATE_PRODUCT = YES;
			};
			name = Release;
		};
		19B0AE6D20579EE7005AF1BD /* Debug */ = {
			isa = XCBuildConfiguration;
			buildSettings = {
				ASSETCATALOG_COMPILER_APPICON_NAME = AppIcon;
				INFOPLIST_FILE = SKAPickerViewExample/Info.plist;
				LD_RUNPATH_SEARCH_PATHS = "$(inherited) @executable_path/Frameworks";
				PRODUCT_BUNDLE_IDENTIFIER = Levioza.SKAPickerViewExample;
				PRODUCT_NAME = "$(TARGET_NAME)";
			};
			name = Debug;
		};
		19B0AE6E20579EE7005AF1BD /* Release */ = {
			isa = XCBuildConfiguration;
			buildSettings = {
				ASSETCATALOG_COMPILER_APPICON_NAME = AppIcon;
				INFOPLIST_FILE = SKAPickerViewExample/Info.plist;
				LD_RUNPATH_SEARCH_PATHS = "$(inherited) @executable_path/Frameworks";
				PRODUCT_BUNDLE_IDENTIFIER = Levioza.SKAPickerViewExample;
				PRODUCT_NAME = "$(TARGET_NAME)";
			};
			name = Release;
		};
		19B0AE7020579EE7005AF1BD /* Debug */ = {
			isa = XCBuildConfiguration;
			buildSettings = {
				BUNDLE_LOADER = "$(TEST_HOST)";
				INFOPLIST_FILE = SKAPickerViewExampleTests/Info.plist;
				LD_RUNPATH_SEARCH_PATHS = "$(inherited) @executable_path/Frameworks @loader_path/Frameworks";
				PRODUCT_BUNDLE_IDENTIFIER = Levioza.SKAPickerViewExampleTests;
				PRODUCT_NAME = "$(TARGET_NAME)";
				TEST_HOST = "$(BUILT_PRODUCTS_DIR)/SKAPickerViewExample.app/SKAPickerViewExample";
			};
			name = Debug;
		};
		19B0AE7120579EE7005AF1BD /* Release */ = {
			isa = XCBuildConfiguration;
			buildSettings = {
				BUNDLE_LOADER = "$(TEST_HOST)";
				INFOPLIST_FILE = SKAPickerViewExampleTests/Info.plist;
				LD_RUNPATH_SEARCH_PATHS = "$(inherited) @executable_path/Frameworks @loader_path/Frameworks";
				PRODUCT_BUNDLE_IDENTIFIER = Levioza.SKAPickerViewExampleTests;
				PRODUCT_NAME = "$(TARGET_NAME)";
				TEST_HOST = "$(BUILT_PRODUCTS_DIR)/SKAPickerViewExample.app/SKAPickerViewExample";
			};
			name = Release;
		};
		19B0AE7320579EE7005AF1BD /* Debug */ = {
			isa = XCBuildConfiguration;
			buildSettings = {
				INFOPLIST_FILE = SKAPickerViewExampleUITests/Info.plist;
				LD_RUNPATH_SEARCH_PATHS = "$(inherited) @executable_path/Frameworks @loader_path/Frameworks";
				PRODUCT_BUNDLE_IDENTIFIER = Levioza.SKAPickerViewExampleUITests;
				PRODUCT_NAME = "$(TARGET_NAME)";
				TEST_TARGET_NAME = SKAPickerViewExample;
			};
			name = Debug;
		};
		19B0AE7420579EE7005AF1BD /* Release */ = {
			isa = XCBuildConfiguration;
			buildSettings = {
				INFOPLIST_FILE = SKAPickerViewExampleUITests/Info.plist;
				LD_RUNPATH_SEARCH_PATHS = "$(inherited) @executable_path/Frameworks @loader_path/Frameworks";
				PRODUCT_BUNDLE_IDENTIFIER = Levioza.SKAPickerViewExampleUITests;
				PRODUCT_NAME = "$(TARGET_NAME)";
				TEST_TARGET_NAME = SKAPickerViewExample;
			};
			name = Release;
		};
/* End XCBuildConfiguration section */

/* Begin XCConfigurationList section */
		19B0AE3A20579EE5005AF1BD /* Build configuration list for PBXProject "SKAPickerViewExample" */ = {
			isa = XCConfigurationList;
			buildConfigurations = (
				19B0AE6A20579EE7005AF1BD /* Debug */,
				19B0AE6B20579EE7005AF1BD /* Release */,
			);
			defaultConfigurationIsVisible = 0;
			defaultConfigurationName = Release;
		};
		19B0AE6C20579EE7005AF1BD /* Build configuration list for PBXNativeTarget "SKAPickerViewExample" */ = {
			isa = XCConfigurationList;
			buildConfigurations = (
				19B0AE6D20579EE7005AF1BD /* Debug */,
				19B0AE6E20579EE7005AF1BD /* Release */,
			);
			defaultConfigurationIsVisible = 0;
		};
		19B0AE6F20579EE7005AF1BD /* Build configuration list for PBXNativeTarget "SKAPickerViewExampleTests" */ = {
			isa = XCConfigurationList;
			buildConfigurations = (
				19B0AE7020579EE7005AF1BD /* Debug */,
				19B0AE7120579EE7005AF1BD /* Release */,
			);
			defaultConfigurationIsVisible = 0;
		};
		19B0AE7220579EE7005AF1BD /* Build configuration list for PBXNativeTarget "SKAPickerViewExampleUITests" */ = {
			isa = XCConfigurationList;
			buildConfigurations = (
				19B0AE7320579EE7005AF1BD /* Debug */,
				19B0AE7420579EE7005AF1BD /* Release */,
			);
			defaultConfigurationIsVisible = 0;
		};
/* End XCConfigurationList section */
	};
	rootObject = 19B0AE3720579EE5005AF1BD /* Project object */;
}
